{
  "originHash" : "92046cd5b2f2281033576764770b7a11ca088b9ebaf1f5b30fe730e9dc26f50e",
  "pins" : [
    {
      "identity" : "purchases-ios",
      "kind" : "remoteSourceControl",
      "location" : "https://github.com/RevenueCat/purchases-ios.git",
      "state" : {
        "revision" : "8d258661d1e5be78f39ad4b37b5ed72cf073149d",
        "version" : "5.48.0"
      }
    }
  ],
  "version" : 3
}
